
Microsoft Visual Studio Solution File, Format Version 12.00
# Visual Studio Version 17
VisualStudioVersion = 17.11.35219.272
MinimumVisualStudioVersion = 10.0.40219.1
Project("{2150E333-8FDC-42A3-9474-1A3956D46DE8}") = "Domain", "Domain", "{CFD7F3B8-DE04-4BF2-B87A-C96CA58593EA}"
EndProject
Project("{9A19103F-16F7-4668-BE54-9A1E7A4F7556}") = "Domain.Model", "Domain.Model\Domain.Model.csproj", "{69D96BDA-54C0-4CCE-B9D1-B15313949662}"
EndProject
Project("{2150E333-8FDC-42A3-9474-1A3956D46DE8}") = "Common", "Common", "{309EABED-035B-406D-B57F-7B525A15172B}"
EndProject
Project("{9A19103F-16F7-4668-BE54-9A1E7A4F7556}") = "Common", "Common\Common.csproj", "{46F9F6D5-8CE5-4A6B-B047-3CDF20A707E8}"
EndProject
Project("{9A19103F-16F7-4668-BE54-9A1E7A4F7556}") = "Domain.Model.Test", "Domain.Model.Test\Domain.Model.Test.csproj", "{DEDC7CD0-9C92-437C-B582-A93CD7D81F41}"
EndProject
Project("{2150E333-8FDC-42A3-9474-1A3956D46DE8}") = "Infrastructure", "Infrastructure", "{95647041-E8B7-4CC8-90AA-62E57533CBF8}"
EndProject
Project("{FAE04EC0-301F-11D3-BF4B-00C04F79EFBC}") = "Infrastructure", "Train.Infrastructure\Infrastructure.csproj", "{E50E11B6-9A3D-4B11-96E7-22595A21302B}"
EndProject
Project("{2150E333-8FDC-42A3-9474-1A3956D46DE8}") = "T.Application", "T.Application", "{843D608A-8369-4288-BA8B-C28759874E6A}"
EndProject
Project("{FAE04EC0-301F-11D3-BF4B-00C04F79EFBC}") = "Application.Contract", "Application.Contract\Application.Contract.csproj", "{AE64AE7E-98DC-4963-8733-7A458C892C22}"
EndProject
Project("{FAE04EC0-301F-11D3-BF4B-00C04F79EFBC}") = "Application", "Application\Application.csproj", "{4E1468BB-55A4-40B9-B9E4-33C39B7B7C0C}"
EndProject
Global
	GlobalSection(SolutionConfigurationPlatforms) = preSolution
		Debug|Any CPU = Debug|Any CPU
		Release|Any CPU = Release|Any CPU
	EndGlobalSection
	GlobalSection(ProjectConfigurationPlatforms) = postSolution
		{69D96BDA-54C0-4CCE-B9D1-B15313949662}.Debug|Any CPU.ActiveCfg = Debug|Any CPU
		{69D96BDA-54C0-4CCE-B9D1-B15313949662}.Debug|Any CPU.Build.0 = Debug|Any CPU
		{69D96BDA-54C0-4CCE-B9D1-B15313949662}.Release|Any CPU.ActiveCfg = Release|Any CPU
		{69D96BDA-54C0-4CCE-B9D1-B15313949662}.Release|Any CPU.Build.0 = Release|Any CPU
		{46F9F6D5-8CE5-4A6B-B047-3CDF20A707E8}.Debug|Any CPU.ActiveCfg = Debug|Any CPU
		{46F9F6D5-8CE5-4A6B-B047-3CDF20A707E8}.Debug|Any CPU.Build.0 = Debug|Any CPU
		{46F9F6D5-8CE5-4A6B-B047-3CDF20A707E8}.Release|Any CPU.ActiveCfg = Release|Any CPU
		{46F9F6D5-8CE5-4A6B-B047-3CDF20A707E8}.Release|Any CPU.Build.0 = Release|Any CPU
		{DEDC7CD0-9C92-437C-B582-A93CD7D81F41}.Debug|Any CPU.ActiveCfg = Debug|Any CPU
		{DEDC7CD0-9C92-437C-B582-A93CD7D81F41}.Debug|Any CPU.Build.0 = Debug|Any CPU
		{DEDC7CD0-9C92-437C-B582-A93CD7D81F41}.Release|Any CPU.ActiveCfg = Release|Any CPU
		{DEDC7CD0-9C92-437C-B582-A93CD7D81F41}.Release|Any CPU.Build.0 = Release|Any CPU
		{E50E11B6-9A3D-4B11-96E7-22595A21302B}.Debug|Any CPU.ActiveCfg = Debug|Any CPU
		{E50E11B6-9A3D-4B11-96E7-22595A21302B}.Debug|Any CPU.Build.0 = Debug|Any CPU
		{E50E11B6-9A3D-4B11-96E7-22595A21302B}.Release|Any CPU.ActiveCfg = Release|Any CPU
		{E50E11B6-9A3D-4B11-96E7-22595A21302B}.Release|Any CPU.Build.0 = Release|Any CPU
		{AE64AE7E-98DC-4963-8733-7A458C892C22}.Debug|Any CPU.ActiveCfg = Debug|Any CPU
		{AE64AE7E-98DC-4963-8733-7A458C892C22}.Debug|Any CPU.Build.0 = Debug|Any CPU
		{AE64AE7E-98DC-4963-8733-7A458C892C22}.Release|Any CPU.ActiveCfg = Release|Any CPU
		{AE64AE7E-98DC-4963-8733-7A458C892C22}.Release|Any CPU.Build.0 = Release|Any CPU
		{4E1468BB-55A4-40B9-B9E4-33C39B7B7C0C}.Debug|Any CPU.ActiveCfg = Debug|Any CPU
		{4E1468BB-55A4-40B9-B9E4-33C39B7B7C0C}.Debug|Any CPU.Build.0 = Debug|Any CPU
		{4E1468BB-55A4-40B9-B9E4-33C39B7B7C0C}.Release|Any CPU.ActiveCfg = Release|Any CPU
		{4E1468BB-55A4-40B9-B9E4-33C39B7B7C0C}.Release|Any CPU.Build.0 = Release|Any CPU
	EndGlobalSection
	GlobalSection(SolutionProperties) = preSolution
		HideSolutionNode = FALSE
	EndGlobalSection
	GlobalSection(NestedProjects) = preSolution
		{69D96BDA-54C0-4CCE-B9D1-B15313949662} = {CFD7F3B8-DE04-4BF2-B87A-C96CA58593EA}
		{46F9F6D5-8CE5-4A6B-B047-3CDF20A707E8} = {309EABED-035B-406D-B57F-7B525A15172B}
		{DEDC7CD0-9C92-437C-B582-A93CD7D81F41} = {CFD7F3B8-DE04-4BF2-B87A-C96CA58593EA}
		{E50E11B6-9A3D-4B11-96E7-22595A21302B} = {95647041-E8B7-4CC8-90AA-62E57533CBF8}
		{AE64AE7E-98DC-4963-8733-7A458C892C22} = {843D608A-8369-4288-BA8B-C28759874E6A}
		{4E1468BB-55A4-40B9-B9E4-33C39B7B7C0C} = {843D608A-8369-4288-BA8B-C28759874E6A}
	EndGlobalSection
	GlobalSection(ExtensibilityGlobals) = postSolution
		SolutionGuid = {B05F3F48-A78D-493A-A6B0-DEA783059268}
	EndGlobalSection
EndGlobal
